
Microsoft Visual Studio Solution File, Format Version 12.00
# Visual Studio Version 17
VisualStudioVersion = 17.0.31903.59
MinimumVisualStudioVersion = 10.0.40219.1
Project("{2150E333-8FDC-42A3-9474-1A3956D46DE8}") = "src", "src", "{827E0CD3-B72D-47B6-A68D-7590B98EB39B}"
EndProject
Project("{2150E333-8FDC-42A3-9474-1A3956D46DE8}") = "Shared", "Shared", "{C8E42992-5E42-0C2B-DBFE-AA848D06431C}"
EndProject
Project("{FAE04EC0-301F-11D3-BF4B-00C04F79EFBC}") = "NewsDashboard.Shared", "src\Shared\NewsDashboard.Shared.csproj", "{A91AFA78-09D5-46B0-B2DA-A3B1C0B8D1C7}"
EndProject
Project("{2150E333-8FDC-42A3-9474-1A3956D46DE8}") = "Api", "Api", "{81034408-37C8-1011-444E-4C15C2FADA8E}"
EndProject
Project("{FAE04EC0-301F-11D3-BF4B-00C04F79EFBC}") = "NewsDashboard.Api", "src\Api\NewsDashboard.Api.csproj", "{505E0EBE-CE1E-4015-B727-7B03391AF080}"
EndProject
Project("{2150E333-8FDC-42A3-9474-1A3956D46DE8}") = "Functions", "Functions", "{8ACE4114-8886-9720-B387-343844A27A5F}"
EndProject
Project("{FAE04EC0-301F-11D3-BF4B-00C04F79EFBC}") = "NewsDashboard.Functions", "src\Functions\NewsDashboard.Functions.csproj", "{6AD71CC6-A5FB-4991-8439-36CDE1A50A5C}"
EndProject
Project("{2150E333-8FDC-42A3-9474-1A3956D46DE8}") = "tests", "tests", "{0AB3BF05-4346-4AA6-1389-037BE0695223}"
EndProject
Project("{2150E333-8FDC-42A3-9474-1A3956D46DE8}") = "Api.Tests", "Api.Tests", "{C7681E76-71D0-F6B3-CD73-27CBAEE59458}"
EndProject
Project("{FAE04EC0-301F-11D3-BF4B-00C04F79EFBC}") = "NewsDashboard.Api.Tests", "tests\Api.Tests\NewsDashboard.Api.Tests.csproj", "{A27CE774-6EB7-47D3-9EDC-D7025E03CDF5}"
EndProject
Global
	GlobalSection(SolutionConfigurationPlatforms) = preSolution
		Debug|Any CPU = Debug|Any CPU
		Debug|x64 = Debug|x64
		Debug|x86 = Debug|x86
		Release|Any CPU = Release|Any CPU
		Release|x64 = Release|x64
		Release|x86 = Release|x86
	EndGlobalSection
	GlobalSection(ProjectConfigurationPlatforms) = postSolution
		{A91AFA78-09D5-46B0-B2DA-A3B1C0B8D1C7}.Debug|Any CPU.ActiveCfg = Debug|Any CPU
		{A91AFA78-09D5-46B0-B2DA-A3B1C0B8D1C7}.Debug|Any CPU.Build.0 = Debug|Any CPU
		{A91AFA78-09D5-46B0-B2DA-A3B1C0B8D1C7}.Debug|x64.ActiveCfg = Debug|Any CPU
		{A91AFA78-09D5-46B0-B2DA-A3B1C0B8D1C7}.Debug|x64.Build.0 = Debug|Any CPU
		{A91AFA78-09D5-46B0-B2DA-A3B1C0B8D1C7}.Debug|x86.ActiveCfg = Debug|Any CPU
		{A91AFA78-09D5-46B0-B2DA-A3B1C0B8D1C7}.Debug|x86.Build.0 = Debug|Any CPU
		{A91AFA78-09D5-46B0-B2DA-A3B1C0B8D1C7}.Release|Any CPU.ActiveCfg = Release|Any CPU
		{A91AFA78-09D5-46B0-B2DA-A3B1C0B8D1C7}.Release|Any CPU.Build.0 = Release|Any CPU
		{A91AFA78-09D5-46B0-B2DA-A3B1C0B8D1C7}.Release|x64.ActiveCfg = Release|Any CPU
		{A91AFA78-09D5-46B0-B2DA-A3B1C0B8D1C7}.Release|x64.Build.0 = Release|Any CPU
		{A91AFA78-09D5-46B0-B2DA-A3B1C0B8D1C7}.Release|x86.ActiveCfg = Release|Any CPU
		{A91AFA78-09D5-46B0-B2DA-A3B1C0B8D1C7}.Release|x86.Build.0 = Release|Any CPU
		{505E0EBE-CE1E-4015-B727-7B03391AF080}.Debug|Any CPU.ActiveCfg = Debug|Any CPU
		{505E0EBE-CE1E-4015-B727-7B03391AF080}.Debug|Any CPU.Build.0 = Debug|Any CPU
		{505E0EBE-CE1E-4015-B727-7B03391AF080}.Debug|x64.ActiveCfg = Debug|Any CPU
		{505E0EBE-CE1E-4015-B727-7B03391AF080}.Debug|x64.Build.0 = Debug|Any CPU
		{505E0EBE-CE1E-4015-B727-7B03391AF080}.Debug|x86.ActiveCfg = Debug|Any CPU
		{505E0EBE-CE1E-4015-B727-7B03391AF080}.Debug|x86.Build.0 = Debug|Any CPU
		{505E0EBE-CE1E-4015-B727-7B03391AF080}.Release|Any CPU.ActiveCfg = Release|Any CPU
		{505E0EBE-CE1E-4015-B727-7B03391AF080}.Release|Any CPU.Build.0 = Release|Any CPU
		{505E0EBE-CE1E-4015-B727-7B03391AF080}.Release|x64.ActiveCfg = Release|Any CPU
		{505E0EBE-CE1E-4015-B727-7B03391AF080}.Release|x64.Build.0 = Release|Any CPU
		{505E0EBE-CE1E-4015-B727-7B03391AF080}.Release|x86.ActiveCfg = Release|Any CPU
		{505E0EBE-CE1E-4015-B727-7B03391AF080}.Release|x86.Build.0 = Release|Any CPU
		{6AD71CC6-A5FB-4991-8439-36CDE1A50A5C}.Debug|Any CPU.ActiveCfg = Debug|Any CPU
		{6AD71CC6-A5FB-4991-8439-36CDE1A50A5C}.Debug|Any CPU.Build.0 = Debug|Any CPU
		{6AD71CC6-A5FB-4991-8439-36CDE1A50A5C}.Debug|x64.ActiveCfg = Debug|Any CPU
		{6AD71CC6-A5FB-4991-8439-36CDE1A50A5C}.Debug|x64.Build.0 = Debug|Any CPU
		{6AD71CC6-A5FB-4991-8439-36CDE1A50A5C}.Debug|x86.ActiveCfg = Debug|Any CPU
		{6AD71CC6-A5FB-4991-8439-36CDE1A50A5C}.Debug|x86.Build.0 = Debug|Any CPU
		{6AD71CC6-A5FB-4991-8439-36CDE1A50A5C}.Release|Any CPU.ActiveCfg = Release|Any CPU
		{6AD71CC6-A5FB-4991-8439-36CDE1A50A5C}.Release|Any CPU.Build.0 = Release|Any CPU
		{6AD71CC6-A5FB-4991-8439-36CDE1A50A5C}.Release|x64.ActiveCfg = Release|Any CPU
		{6AD71CC6-A5FB-4991-8439-36CDE1A50A5C}.Release|x64.Build.0 = Release|Any CPU
		{6AD71CC6-A5FB-4991-8439-36CDE1A50A5C}.Release|x86.ActiveCfg = Release|Any CPU
		{6AD71CC6-A5FB-4991-8439-36CDE1A50A5C}.Release|x86.Build.0 = Release|Any CPU
		{A27CE774-6EB7-47D3-9EDC-D7025E03CDF5}.Debug|Any CPU.ActiveCfg = Debug|Any CPU
		{A27CE774-6EB7-47D3-9EDC-D7025E03CDF5}.Debug|Any CPU.Build.0 = Debug|Any CPU
		{A27CE774-6EB7-47D3-9EDC-D7025E03CDF5}.Debug|x64.ActiveCfg = Debug|Any CPU
		{A27CE774-6EB7-47D3-9EDC-D7025E03CDF5}.Debug|x64.Build.0 = Debug|Any CPU
		{A27CE774-6EB7-47D3-9EDC-D7025E03CDF5}.Debug|x86.ActiveCfg = Debug|Any CPU
		{A27CE774-6EB7-47D3-9EDC-D7025E03CDF5}.Debug|x86.Build.0 = Debug|Any CPU
		{A27CE774-6EB7-47D3-9EDC-D7025E03CDF5}.Release|Any CPU.ActiveCfg = Release|Any CPU
		{A27CE774-6EB7-47D3-9EDC-D7025E03CDF5}.Release|Any CPU.Build.0 = Release|Any CPU
		{A27CE774-6EB7-47D3-9EDC-D7025E03CDF5}.Release|x64.ActiveCfg = Release|Any CPU
		{A27CE774-6EB7-47D3-9EDC-D7025E03CDF5}.Release|x64.Build.0 = Release|Any CPU
		{A27CE774-6EB7-47D3-9EDC-D7025E03CDF5}.Release|x86.ActiveCfg = Release|Any CPU
		{A27CE774-6EB7-47D3-9EDC-D7025E03CDF5}.Release|x86.Build.0 = Release|Any CPU
	EndGlobalSection
	GlobalSection(SolutionProperties) = preSolution
		HideSolutionNode = FALSE
	EndGlobalSection
	GlobalSection(NestedProjects) = preSolution
		{C8E42992-5E42-0C2B-DBFE-AA848D06431C} = {827E0CD3-B72D-47B6-A68D-7590B98EB39B}
		{A91AFA78-09D5-46B0-B2DA-A3B1C0B8D1C7} = {C8E42992-5E42-0C2B-DBFE-AA848D06431C}
		{81034408-37C8-1011-444E-4C15C2FADA8E} = {827E0CD3-B72D-47B6-A68D-7590B98EB39B}
		{505E0EBE-CE1E-4015-B727-7B03391AF080} = {81034408-37C8-1011-444E-4C15C2FADA8E}
		{8ACE4114-8886-9720-B387-343844A27A5F} = {827E0CD3-B72D-47B6-A68D-7590B98EB39B}
		{6AD71CC6-A5FB-4991-8439-36CDE1A50A5C} = {8ACE4114-8886-9720-B387-343844A27A5F}
		{C7681E76-71D0-F6B3-CD73-27CBAEE59458} = {0AB3BF05-4346-4AA6-1389-037BE0695223}
		{A27CE774-6EB7-47D3-9EDC-D7025E03CDF5} = {C7681E76-71D0-F6B3-CD73-27CBAEE59458}
	EndGlobalSection
EndGlobal
